Microsoft Visual Studio Solution File, Format Version 8.00
Project("{FAE04EC0-301F-11D3-BF4B-00C04F79EFBC}") = "Resportes Saint", "Resportes Saint.csproj", "{7A890B36-4096-4869-885C-05E6C605F09E}"
	ProjectSection(ProjectDependencies) = postProject
	EndProjectSection
EndProject
Global
	GlobalSection(SolutionConfiguration) = preSolution
		Debug = Debug
		Release = Release
	EndGlobalSection
	GlobalSection(ProjectConfiguration) = postSolution
		{7A890B36-4096-4869-885C-05E6C605F09E}.Debug.ActiveCfg = Debug|.NET
		{7A890B36-4096-4869-885C-05E6C605F09E}.Debug.Build.0 = Debug|.NET
		{7A890B36-4096-4869-885C-05E6C605F09E}.Release.ActiveCfg = Release|.NET
		{7A890B36-4096-4869-885C-05E6C605F09E}.Release.Build.0 = Release|.NET
	EndGlobalSection
	GlobalSection(ExtensibilityGlobals) = postSolution
	EndGlobalSection
	GlobalSection(ExtensibilityAddIns) = postSolution
	EndGlobalSection
EndGlobal
